// !$*UTF8*$!
{
	archiveVersion = 1;
	classes = {
	};
	objectVersion = 50;
	objects = {

/* Begin PBXBuildFile section */
		94737CE3254873FF0051308C /* AppDelegate.swift in Sources */ = {isa = PBXBuildFile; fileRef = 94737CE2254873FF0051308C /* AppDelegate.swift */; };
		94737CE5254873FF0051308C /* SceneDelegate.swift in Sources */ = {isa = PBXBuildFile; fileRef = 94737CE4254873FF0051308C /* SceneDelegate.swift */; };
		94737CE7254873FF0051308C /* ViewController.swift in Sources */ = {isa = PBXBuildFile; fileRef = 94737CE6254873FF0051308C /* ViewController.swift */; };
		94737CEA254873FF0051308C /* Main.storyboard in Resources */ = {isa = PBXBuildFile; fileRef = 94737CE8254873FF0051308C /* Main.storyboard */; };
		94737CEC254874000051308C /* Assets.xcassets in Resources */ = {isa = PBXBuildFile; fileRef = 94737CEB254874000051308C /* Assets.xcassets */; };
		94737CEF254874000051308C /* LaunchScreen.storyboard in Resources */ = {isa = PBXBuildFile; fileRef = 94737CED254874000051308C /* LaunchScreen.storyboard */; };
		94737CFA254874010051308C /* CITests.swift in Sources */ = {isa = PBXBuildFile; fileRef = 94737CF9254874010051308C /* CITests.swift */; };
/* End PBXBuildFile section */

/* Begin PBXContainerItemProxy section */
		94737CF6254874010051308C /* PBXContainerItemProxy */ = {
			isa = PBXContainerItemProxy;
			containerPortal = 94737CD7254873FF0051308C /* Project object */;
			proxyType = 1;
			remoteGlobalIDString = 94737CDE254873FF0051308C;
			remoteInfo = CI;
		};
/* End PBXContainerItemProxy section */

/* Begin PBXFileReference section */
		94737CDF254873FF0051308C /* CI.app */ = {isa = PBXFileReference; explicitFileType = wrapper.application; includeInIndex = 0; path = CI.app; sourceTree = BUILT_PRODUCTS_DIR; };
		94737CE2254873FF0051308C /* AppDelegate.swift */ = {isa = PBXFileReference; lastKnownFileType = sourcecode.swift; path = AppDelegate.swift; sourceTree = "<group>"; };
		94737CE4254873FF0051308C /* SceneDelegate.swift */ = {isa = PBXFileReference; lastKnownFileType = sourcecode.swift; path = SceneDelegate.swift; sourceTree = "<group>"; };
		94737CE6254873FF0051308C /* ViewController.swift */ = {isa = PBXFileReference; lastKnownFileType = sourcecode.swift; path = ViewController.swift; sourceTree = "<group>"; };
		94737CE9254873FF0051308C /* Base */ = {isa = PBXFileReference; lastKnownFileType = file.storyboard; name = Base; path = Base.lproj/Main.storyboard; sourceTree = "<group>"; };
		94737CEB254874000051308C /* Assets.xcassets */ = {isa = PBXFileReference; lastKnownFileType = folder.assetcatalog; path = Assets.xcassets; sourceTree = "<group>"; };
		94737CEE254874000051308C /* Base */ = {isa = PBXFileReference; lastKnownFileType = file.storyboard; name = Base; path = Base.lproj/LaunchScreen.storyboard; sourceTree = "<group>"; };
		94737CF0254874000051308C /* Info.plist */ = {isa = PBXFileReference; lastKnownFileType = text.plist.xml; path = Info.plist; sourceTree = "<group>"; };
		94737CF5254874010051308C /* CITests.xctest */ = {isa = PBXFileReference; explicitFileType = wrapper.cfbundle; includeInIndex = 0; path = CITests.xctest; sourceTree = BUILT_PRODUCTS_DIR; };
		94737CF9254874010051308C /* CITests.swift */ = {isa = PBXFileReference; lastKnownFileType = sourcecode.swift; path = CITests.swift; sourceTree = "<group>"; };
		94737CFB254874010051308C /* Info.plist */ = {isa = PBXFileReference; lastKnownFileType = text.plist.xml; path = Info.plist; sourceTree = "<group>"; };
/* End PBXFileReference section */

/* Begin PBXFrameworksBuildPhase section */
		94737CDC254873FF0051308C /* Frameworks */ = {
			isa = PBXFrameworksBuildPhase;
			buildActionMask = 2147483647;
			files = (
			);
			runOnlyForDeploymentPostprocessing = 0;
		};
		94737CF2254874010051308C /* Frameworks */ = {
			isa = PBXFrameworksBuildPhase;
			buildActionMask = 2147483647;
			files = (
			);
			runOnlyForDeploymentPostprocessing = 0;
		};
/* End PBXFrameworksBuildPhase section */

/* Begin PBXGroup section */
		94737CD6254873FF0051308C = {
			isa = PBXGroup;
			children = (
				94737CE1254873FF0051308C /* CI */,
				94737CF8254874010051308C /* CITests */,
				94737CE0254873FF0051308C /* Products */,
			);
			sourceTree = "<group>";
		};
		94737CE0254873FF0051308C /* Products */ = {
			isa = PBXGroup;
			children = (
				94737CDF254873FF0051308C /* CI.app */,
				94737CF5254874010051308C /* CITests.xctest */,
			);
			name = Products;
			sourceTree = "<group>";
		};
		94737CE1254873FF0051308C /* CI */ = {
			isa = PBXGroup;
			children = (
				94737CE2254873FF0051308C /* AppDelegate.swift */,
				94737CE4254873FF0051308C /* SceneDelegate.swift */,
				94737CE6254873FF0051308C /* ViewController.swift */,
				94737CE8254873FF0051308C /* Main.storyboard */,
				94737CEB254874000051308C /* Assets.xcassets */,
				94737CED254874000051308C /* LaunchScreen.storyboard */,
				94737CF0254874000051308C /* Info.plist */,
			);
			path = CI;
			sourceTree = "<group>";
		};
		94737CF8254874010051308C /* CITests */ = {
			isa = PBXGroup;
			children = (
				94737CF9254874010051308C /* CITests.swift */,
				94737CFB254874010051308C /* Info.plist */,
			);
			path = CITests;
			sourceTree = "<group>";
		};
/* End PBXGroup section */

/* Begin PBXNativeTarget section */
		94737CDE254873FF0051308C /* CI */ = {
			isa = PBXNativeTarget;
			buildConfigurationList = 94737CFE254874010051308C /* Build configuration list for PBXNativeTarget "CI" */;
			buildPhases = (
				94737CDB254873FF0051308C /* Sources */,
				94737CDC254873FF0051308C /* Frameworks */,
				94737CDD254873FF0051308C /* Resources */,
			);
			buildRules = (
			);
			dependencies = (
			);
			name = CI;
			productName = CI;
			productReference = 94737CDF254873FF0051308C /* CI.app */;
			productType = "com.apple.product-type.application";
		};
		94737CF4254874010051308C /* CITests */ = {
			isa = PBXNativeTarget;
			buildConfigurationList = 94737D01254874010051308C /* Build configuration list for PBXNativeTarget "CITests" */;
			buildPhases = (
				94737CF1254874010051308C /* Sources */,
				94737CF2254874010051308C /* Frameworks */,
				94737CF3254874010051308C /* Resources */,
			);
			buildRules = (
			);
			dependencies = (
				94737CF7254874010051308C /* PBXTargetDependency */,
			);
			name = CITests;
			productName = CITests;
			productReference = 94737CF5254874010051308C /* CITests.xctest */;
			productType = "com.apple.product-type.bundle.unit-test";
		};
/* End PBXNativeTarget section */

/* Begin PBXProject section */
		94737CD7254873FF0051308C /* Project object */ = {
			isa = PBXProject;
			attributes = {
				LastSwiftUpdateCheck = 1170;
				LastUpgradeCheck = 1170;
				ORGANIZATIONNAME = Learning;
				TargetAttributes = {
					94737CDE254873FF0051308C = {
						CreatedOnToolsVersion = 11.7;
					};
					94737CF4254874010051308C = {
						CreatedOnToolsVersion = 11.7;
						TestTargetID = 94737CDE254873FF0051308C;
					};
				};
			};
			buildConfigurationList = 94737CDA254873FF0051308C /* Build configuration list for PBXProject "CI" */;
			compatibilityVersion = "Xcode 9.3";
			developmentRegion = en;
			hasScannedForEncodings = 0;
			knownRegions = (
				en,
				Base,
			);
			mainGroup = 94737CD6254873FF0051308C;
			productRefGroup = 94737CE0254873FF0051308C /* Products */;
			projectDirPath = "";
			projectRoot = "";
			targets = (
				94737CDE254873FF0051308C /* CI */,
				94737CF4254874010051308C /* CITests */,
			);
		};
/* End PBXProject section */

/* Begin PBXResourcesBuildPhase section */
		94737CDD254873FF0051308C /* Resources */ = {
			isa = PBXResourcesBuildPhase;
			buildActionMask = 2147483647;
			files = (
				94737CEF254874000051308C /* LaunchScreen.storyboard in Resources */,
				94737CEC254874000051308C /* Assets.xcassets in Resources */,
				94737CEA254873FF0051308C /* Main.storyboard in Resources */,
			);
			runOnlyForDeploymentPostprocessing = 0;
		};
		94737CF3254874010051308C /* Resources */ = {
			isa = PBXResourcesBuildPhase;
			buildActionMask = 2147483647;
			files = (
			);
			runOnlyForDeploymentPostprocessing = 0;
		};
/* End PBXResourcesBuildPhase section */

/* Begin PBXSourcesBuildPhase section */
		94737CDB254873FF0051308C /* Sources */ = {
			isa = PBXSourcesBuildPhase;
			buildActionMask = 2147483647;
			files = (
				94737CE7254873FF0051308C /* ViewController.swift in Sources */,
				94737CE3254873FF0051308C /* AppDelegate.swift in Sources */,
				94737CE5254873FF0051308C /* SceneDelegate.swift in Sources */,
			);
			runOnlyForDeploymentPostprocessing = 0;
		};
		94737CF1254874010051308C /* Sources */ = {
			isa = PBXSourcesBuildPhase;
			buildActionMask = 2147483647;
			files = (
				94737CFA254874010051308C /* CITests.swift in Sources */,
			);
			runOnlyForDeploymentPostprocessing = 0;
		};
/* End PBXSourcesBuildPhase section */

/* Begin PBXTargetDependency section */
		94737CF7254874010051308C /* PBXTargetDependency */ = {
			isa = PBXTargetDependency;
			target = 94737CDE254873FF0051308C /* CI */;
			targetProxy = 94737CF6254874010051308C /* PBXContainerItemProxy */;
		};
/* End PBXTargetDependency section */

/* Begin PBXVariantGroup section */
		94737CE8254873FF0051308C /* Main.storyboard */ = {
			isa = PBXVariantGroup;
			children = (
				94737CE9254873FF0051308C /* Base */,
			);
			name = Main.storyboard;
			sourceTree = "<group>";
		};
		94737CED254874000051308C /* LaunchScreen.storyboard */ = {
			isa = PBXVariantGroup;
			children = (
				94737CEE254874000051308C /* Base */,
			);
			name = LaunchScreen.storyboard;
			sourceTree = "<group>";
		};
/* End PBXVariantGroup section */

/* Begin XCBuildConfiguration section */
		94737CFC254874010051308C /* Debug */ = {
			isa = XCBuildConfiguration;
			buildSettings = {
				ALWAYS_SEARCH_USER_PATHS = NO;
				CLANG_ANALYZER_NONNULL = YES;
				CLANG_ANALYZER_NUMBER_OBJECT_CONVERSION = YES_AGGRESSIVE;
				CLANG_CXX_LANGUAGE_STANDARD = "gnu++14";
				CLANG_CXX_LIBRARY = "libc++";
				CLANG_ENABLE_MODULES = YES;
				CLANG_ENABLE_OBJC_ARC = YES;
				CLANG_ENABLE_OBJC_WEAK = YES;
				CLANG_WARN_BLOCK_CAPTURE_AUTORELEASING = YES;
				CLANG_WARN_BOOL_CONVERSION = YES;
				CLANG_WARN_COMMA = YES;
				CLANG_WARN_CONSTANT_CONVERSION = YES;
				CLANG_WARN_DEPRECATED_OBJC_IMPLEMENTATIONS = YES;
				CLANG_WARN_DIRECT_OBJC_ISA_USAGE = YES_ERROR;
				CLANG_WARN_DOCUMENTATION_COMMENTS = YES;
				CLANG_WARN_EMPTY_BODY = YES;
				CLANG_WARN_ENUM_CONVERSION = YES;
				CLANG_WARN_INFINITE_RECURSION = YES;
				CLANG_WARN_INT_CONVERSION = YES;
				CLANG_WARN_NON_LITERAL_NULL_CONVERSION = YES;
				CLANG_WARN_OBJC_IMPLICIT_RETAIN_SELF = YES;
				CLANG_WARN_OBJC_LITERAL_CONVERSION = YES;
				CLANG_WARN_OBJC_ROOT_CLASS = YES_ERROR;
				CLANG_WARN_RANGE_LOOP_ANALYSIS = YES;
				CLANG_WARN_STRICT_PROTOTYPES = YES;
				CLANG_WARN_SUSPICIOUS_MOVE = YES;
				CLANG_WARN_UNGUARDED_AVAILABILITY = YES_AGGRESSIVE;
				CLANG_WARN_UNREACHABLE_CODE = YES;
				CLANG_WARN__DUPLICATE_METHOD_MATCH = YES;
				COPY_PHASE_STRIP = NO;
				DEBUG_INFORMATION_FORMAT = dwarf;
				ENABLE_STRICT_OBJC_MSGSEND = YES;
				ENABLE_TESTABILITY = YES;
				GCC_C_LANGUAGE_STANDARD = gnu11;
				GCC_DYNAMIC_NO_PIC = NO;
				GCC_NO_COMMON_BLOCKS = YES;
				GCC_OPTIMIZATION_LEVEL = 0;
				GCC_PREPROCESSOR_DEFINITIONS = (
					"DEBUG=1",
					"$(inherited)",
				);
				GCC_WARN_64_TO_32_BIT_CONVERSION = YES;
				GCC_WARN_ABOUT_RETURN_TYPE = YES_ERROR;
				GCC_WARN_UNDECLARED_SELECTOR = YES;
				GCC_WARN_UNINITIALIZED_AUTOS = YES_AGGRESSIVE;
				GCC_WARN_UNUSED_FUNCTION = YES;
				GCC_WARN_UNUSED_VARIABLE = YES;
				IPHONEOS_DEPLOYMENT_TARGET = 13.7;
				MTL_ENABLE_DEBUG_INFO = INCLUDE_SOURCE;
				MTL_FAST_MATH = YES;
				ONLY_ACTIVE_ARCH = YES;
				SDKROOT = iphoneos;
				SWIFT_ACTIVE_COMPILATION_CONDITIONS = DEBUG;
				SWIFT_OPTIMIZATION_LEVEL = "-Onone";
			};
			name = Debug;
		};
		94737CFD254874010051308C /* Release */ = {
			isa = XCBuildConfiguration;
			buildSettings = {
				ALWAYS_SEARCH_USER_PATHS = NO;
				CLANG_ANALYZER_NONNULL = YES;
				CLANG_ANALYZER_NUMBER_OBJECT_CONVERSION = YES_AGGRESSIVE;
				CLANG_CXX_LANGUAGE_STANDARD = "gnu++14";
				CLANG_CXX_LIBRARY = "libc++";
				CLANG_ENABLE_MODULES = YES;
				CLANG_ENABLE_OBJC_ARC = YES;
				CLANG_ENABLE_OBJC_WEAK = YES;
				CLANG_WARN_BLOCK_CAPTURE_AUTORELEASING = YES;
				CLANG_WARN_BOOL_CONVERSION = YES;
				CLANG_WARN_COMMA = YES;
				CLANG_WARN_CONSTANT_CONVERSION = YES;
				CLANG_WARN_DEPRECATED_OBJC_IMPLEMENTATIONS = YES;
				CLANG_WARN_DIRECT_OBJC_ISA_USAGE = YES_ERROR;
				CLANG_WARN_DOCUMENTATION_COMMENTS = YES;
				CLANG_WARN_EMPTY_BODY = YES;
				CLANG_WARN_ENUM_CONVERSION = YES;
				CLANG_WARN_INFINITE_RECURSION = YES;
				CLANG_WARN_INT_CONVERSION = YES;
				CLANG_WARN_NON_LITERAL_NULL_CONVERSION = YES;
				CLANG_WARN_OBJC_IMPLICIT_RETAIN_SELF = YES;
				CLANG_WARN_OBJC_LITERAL_CONVERSION = YES;
				CLANG_WARN_OBJC_ROOT_CLASS = YES_ERROR;
				CLANG_WARN_RANGE_LOOP_ANALYSIS = YES;
				CLANG_WARN_STRICT_PROTOTYPES = YES;
				CLANG_WARN_SUSPICIOUS_MOVE = YES;
				CLANG_WARN_UNGUARDED_AVAILABILITY = YES_AGGRESSIVE;
				CLANG_WARN_UNREACHABLE_CODE = YES;
				CLANG_WARN__DUPLICATE_METHOD_MATCH = YES;
				COPY_PHASE_STRIP = NO;
				DEBUG_INFORMATION_FORMAT = "dwarf-with-dsym";
				ENABLE_NS_ASSERTIONS = NO;
				ENABLE_STRICT_OBJC_MSGSEND = YES;
				GCC_C_LANGUAGE_STANDARD = gnu11;
				GCC_NO_COMMON_BLOCKS = YES;
				GCC_WARN_64_TO_32_BIT_CONVERSION = YES;
				GCC_WARN_ABOUT_RETURN_TYPE = YES_ERROR;
				GCC_WARN_UNDECLARED_SELECTOR = YES;
				GCC_WARN_UNINITIALIZED_AUTOS = YES_AGGRESSIVE;
				GCC_WARN_UNUSED_FUNCTION = YES;
				GCC_WARN_UNUSED_VARIABLE = YES;
				IPHONEOS_DEPLOYMENT_TARGET = 13.7;
				MTL_ENABLE_DEBUG_INFO = NO;
				MTL_FAST_MATH = YES;
				SDKROOT = iphoneos;
				SWIFT_COMPILATION_MODE = wholemodule;
				SWIFT_OPTIMIZATION_LEVEL = "-O";
				VALIDATE_PRODUCT = YES;
			};
			name = Release;
		};
		94737CFF254874010051308C /* Debug */ = {
			isa = XCBuildConfiguration;
			buildSettings = {
				ASSETCATALOG_COMPILER_APPICON_NAME = AppIcon;
				CODE_SIGN_STYLE = Automatic;
				DEVELOPMENT_TEAM = TGMD963KYP;
				INFOPLIST_FILE = CI/Info.plist;
				LD_RUNPATH_SEARCH_PATHS = (
					"$(inherited)",
					"@executable_path/Frameworks",
				);
				PRODUCT_BUNDLE_IDENTIFIER = Learning.CI;
				PRODUCT_NAME = "$(TARGET_NAME)";
				SWIFT_VERSION = 5.0;
				TARGETED_DEVICE_FAMILY = "1,2";
			};
			name = Debug;
		};
		94737D00254874010051308C /* Release */ = {
			isa = XCBuildConfiguration;
			buildSettings = {
				ASSETCATALOG_COMPILER_APPICON_NAME = AppIcon;
				CODE_SIGN_STYLE = Automatic;
				DEVELOPMENT_TEAM = TGMD963KYP;
				INFOPLIST_FILE = CI/Info.plist;
				LD_RUNPATH_SEARCH_PATHS = (
					"$(inherited)",
					"@executable_path/Frameworks",
				);
				PRODUCT_BUNDLE_IDENTIFIER = Learning.CI;
				PRODUCT_NAME = "$(TARGET_NAME)";
				SWIFT_VERSION = 5.0;
				TARGETED_DEVICE_FAMILY = "1,2";
			};
			name = Release;
		};
		94737D02254874010051308C /* Debug */ = {
			isa = XCBuildConfiguration;
			buildSettings = {
				ALWAYS_EMBED_SWIFT_STANDARD_LIBRARIES = YES;
				BUNDLE_LOADER = "$(TEST_HOST)";
				CODE_SIGN_STYLE = Automatic;
				DEVELOPMENT_TEAM = TGMD963KYP;
				INFOPLIST_FILE = CITests/Info.plist;
				IPHONEOS_DEPLOYMENT_TARGET = 13.7;
				LD_RUNPATH_SEARCH_PATHS = (
					"$(inherited)",
					"@executable_path/Frameworks",
					"@loader_path/Frameworks",
				);
				PRODUCT_BUNDLE_IDENTIFIER = Learning.CITests;
				PRODUCT_NAME = "$(TARGET_NAME)";
				SWIFT_VERSION = 5.0;
				TARGETED_DEVICE_FAMILY = "1,2";
				TEST_HOST = "$(BUILT_PRODUCTS_DIR)/CI.app/CI";
			};
			name = Debug;
		};
		94737D03254874010051308C /* Release */ = {
			isa = XCBuildConfiguration;
			buildSettings = {
				ALWAYS_EMBED_SWIFT_STANDARD_LIBRARIES = YES;
				BUNDLE_LOADER = "$(TEST_HOST)";
				CODE_SIGN_STYLE = Automatic;
				DEVELOPMENT_TEAM = TGMD963KYP;
				INFOPLIST_FILE = CITests/Info.plist;
				IPHONEOS_DEPLOYMENT_TARGET = 13.7;
				LD_RUNPATH_SEARCH_PATHS = (
					"$(inherited)",
					"@executable_path/Frameworks",
					"@loader_path/Frameworks",
				);
				PRODUCT_BUNDLE_IDENTIFIER = Learning.CITests;
				PRODUCT_NAME = "$(TARGET_NAME)";
				SWIFT_VERSION = 5.0;
				TARGETED_DEVICE_FAMILY = "1,2";
				TEST_HOST = "$(BUILT_PRODUCTS_DIR)/CI.app/CI";
			};
			name = Release;
		};
/* End XCBuildConfiguration section */

/* Begin XCConfigurationList section */
		94737CDA254873FF0051308C /* Build configuration list for PBXProject "CI" */ = {
			isa = XCConfigurationList;
			buildConfigurations = (
				94737CFC254874010051308C /* Debug */,
				94737CFD254874010051308C /* Release */,
			);
			defaultConfigurationIsVisible = 0;
			defaultConfigurationName = Release;
		};
		94737CFE254874010051308C /* Build configuration list for PBXNativeTarget "CI" */ = {
			isa = XCConfigurationList;
			buildConfigurations = (
				94737CFF254874010051308C /* Debug */,
				94737D00254874010051308C /* Release */,
			);
			defaultConfigurationIsVisible = 0;
			defaultConfigurationName = Release;
		};
		94737D01254874010051308C /* Build configuration list for PBXNativeTarget "CITests" */ = {
			isa = XCConfigurationList;
			buildConfigurations = (
				94737D02254874010051308C /* Debug */,
				94737D03254874010051308C /* Release */,
			);
			defaultConfigurationIsVisible = 0;
			defaultConfigurationName = Release;
		};
/* End XCConfigurationList section */
	};
	rootObject = 94737CD7254873FF0051308C /* Project object */;
}
